
Microsoft Visual Studio Solution File, Format Version 12.00
# Visual Studio Version 16
VisualStudioVersion = 16.0.31911.196
MinimumVisualStudioVersion = 10.0.40219.1
Project("{FAE04EC0-301F-11D3-BF4B-00C04F79EFBC}") = "ZarOyunu", "ZarOyunu\ZarOyunu.csproj", "{84067572-9DC7-43D3-8BDC-ECD4FAF5B73C}"
EndProject
Global
	GlobalSection(SolutionConfigurationPlatforms) = preSolution
		Debug|Any CPU = Debug|Any CPU
		Release|Any CPU = Release|Any CPU
	EndGlobalSection
	GlobalSection(ProjectConfigurationPlatforms) = postSolution
		{84067572-9DC7-43D3-8BDC-ECD4FAF5B73C}.Debug|Any CPU.ActiveCfg = Debug|Any CPU
		{84067572-9DC7-43D3-8BDC-ECD4FAF5B73C}.Debug|Any CPU.Build.0 = Debug|Any CPU
		{84067572-9DC7-43D3-8BDC-ECD4FAF5B73C}.Release|Any CPU.ActiveCfg = Release|Any CPU
		{84067572-9DC7-43D3-8BDC-ECD4FAF5B73C}.Release|Any CPU.Build.0 = Release|Any CPU
	EndGlobalSection
	GlobalSection(SolutionProperties) = preSolution
		HideSolutionNode = FALSE
	EndGlobalSection
	GlobalSection(ExtensibilityGlobals) = postSolution
		SolutionGuid = {7A01E24C-E239-4C85-8D9A-23B4B485AAC9}
	EndGlobalSection
EndGlobal
